
Microsoft Visual Studio Solution File, Format Version 12.00
# Visual Studio Version 17
VisualStudioVersion = 17.4.33122.133
MinimumVisualStudioVersion = 10.0.40219.1
Project("{FAE04EC0-301F-11D3-BF4B-00C04F79EFBC}") = "SisacadFinal", "SisacadFinal.csproj", "{5C3F78BE-D9A8-4E5D-BE7F-C243694B524B}"
EndProject
Global
	GlobalSection(SolutionConfigurationPlatforms) = preSolution
		Debug|Any CPU = Debug|Any CPU
		Release|Any CPU = Release|Any CPU
	EndGlobalSection
	GlobalSection(ProjectConfigurationPlatforms) = postSolution
		{5C3F78BE-D9A8-4E5D-BE7F-C243694B524B}.Debug|Any CPU.ActiveCfg = Debug|Any CPU
		{5C3F78BE-D9A8-4E5D-BE7F-C243694B524B}.Debug|Any CPU.Build.0 = Debug|Any CPU
		{5C3F78BE-D9A8-4E5D-BE7F-C243694B524B}.Release|Any CPU.ActiveCfg = Release|Any CPU
		{5C3F78BE-D9A8-4E5D-BE7F-C243694B524B}.Release|Any CPU.Build.0 = Release|Any CPU
	EndGlobalSection
	GlobalSection(SolutionProperties) = preSolution
		HideSolutionNode = FALSE
	EndGlobalSection
	GlobalSection(ExtensibilityGlobals) = postSolution
		SolutionGuid = {180B0F24-9259-48FE-8163-C0881353861F}
	EndGlobalSection
EndGlobal
